
Microsoft Visual Studio Solution File, Format Version 12.00
# Visual Studio Version 16
VisualStudioVersion = 16.0.31624.102
MinimumVisualStudioVersion = 10.0.40219.1
Project("{8BC9CEB8-8B4A-11D0-8D11-00A0C91BC942}") = "Лаб_раб 3 сем2", "Лаб_раб 3 сем2.vcxproj", "{D44407D2-0777-4225-882C-7C866231F593}"
EndProject
Global
	GlobalSection(SolutionConfigurationPlatforms) = preSolution
		Debug|x64 = Debug|x64
		Debug|x86 = Debug|x86
		Release|x64 = Release|x64
		Release|x86 = Release|x86
	EndGlobalSection
	GlobalSection(ProjectConfigurationPlatforms) = postSolution
		{D44407D2-0777-4225-882C-7C866231F593}.Debug|x64.ActiveCfg = Debug|x64
		{D44407D2-0777-4225-882C-7C866231F593}.Debug|x64.Build.0 = Debug|x64
		{D44407D2-0777-4225-882C-7C866231F593}.Debug|x86.ActiveCfg = Debug|Win32
		{D44407D2-0777-4225-882C-7C866231F593}.Debug|x86.Build.0 = Debug|Win32
		{D44407D2-0777-4225-882C-7C866231F593}.Release|x64.ActiveCfg = Release|x64
		{D44407D2-0777-4225-882C-7C866231F593}.Release|x64.Build.0 = Release|x64
		{D44407D2-0777-4225-882C-7C866231F593}.Release|x86.ActiveCfg = Release|Win32
		{D44407D2-0777-4225-882C-7C866231F593}.Release|x86.Build.0 = Release|Win32
	EndGlobalSection
	GlobalSection(SolutionProperties) = preSolution
		HideSolutionNode = FALSE
	EndGlobalSection
	GlobalSection(ExtensibilityGlobals) = postSolution
		SolutionGuid = {499E0E73-CF31-4531-AE5B-F5AC4D3F55B6}
	EndGlobalSection
EndGlobal
